
Microsoft Visual Studio Solution File, Format Version 12.00
# Visual Studio Version 17
VisualStudioVersion = 17.5.002.0
MinimumVisualStudioVersion = 10.0.40219.1
Project("{2150E333-8FDC-42A3-9474-1A3956D46DE8}") = "server", "server", "{892AFD36-D1C6-49B1-AFE7-1F5926DE87FD}"
EndProject
Project("{9A19103F-16F7-4668-BE54-9A1E7A4F7556}") = "Thuai.Server", "server\src\Thuai.Server.csproj", "{6C4EBE3B-3931-4F6E-BB0F-73512C1C369B}"
EndProject
Project("{9A19103F-16F7-4668-BE54-9A1E7A4F7556}") = "Thuai.Server.Test", "server\test\Thuai.Server.Test.csproj", "{05E55D16-E338-45F1-88A4-E4F666879853}"
EndProject
Global
	GlobalSection(SolutionConfigurationPlatforms) = preSolution
		Debug|Any CPU = Debug|Any CPU
		Release|Any CPU = Release|Any CPU
	EndGlobalSection
	GlobalSection(ProjectConfigurationPlatforms) = postSolution
		{6C4EBE3B-3931-4F6E-BB0F-73512C1C369B}.Debug|Any CPU.ActiveCfg = Debug|Any CPU
		{6C4EBE3B-3931-4F6E-BB0F-73512C1C369B}.Debug|Any CPU.Build.0 = Debug|Any CPU
		{6C4EBE3B-3931-4F6E-BB0F-73512C1C369B}.Release|Any CPU.ActiveCfg = Release|Any CPU
		{6C4EBE3B-3931-4F6E-BB0F-73512C1C369B}.Release|Any CPU.Build.0 = Release|Any CPU
		{05E55D16-E338-45F1-88A4-E4F666879853}.Debug|Any CPU.ActiveCfg = Debug|Any CPU
		{05E55D16-E338-45F1-88A4-E4F666879853}.Debug|Any CPU.Build.0 = Debug|Any CPU
		{05E55D16-E338-45F1-88A4-E4F666879853}.Release|Any CPU.ActiveCfg = Release|Any CPU
		{05E55D16-E338-45F1-88A4-E4F666879853}.Release|Any CPU.Build.0 = Release|Any CPU
	EndGlobalSection
	GlobalSection(SolutionProperties) = preSolution
		HideSolutionNode = FALSE
	EndGlobalSection
	GlobalSection(NestedProjects) = preSolution
		{6C4EBE3B-3931-4F6E-BB0F-73512C1C369B} = {892AFD36-D1C6-49B1-AFE7-1F5926DE87FD}
		{05E55D16-E338-45F1-88A4-E4F666879853} = {892AFD36-D1C6-49B1-AFE7-1F5926DE87FD}
	EndGlobalSection
	GlobalSection(ExtensibilityGlobals) = postSolution
		SolutionGuid = {52662882-E73C-46B4-9AFA-805D3369670E}
	EndGlobalSection
EndGlobal
