
Microsoft Visual Studio Solution File, Format Version 12.00
# Visual Studio Version 17
VisualStudioVersion = 17.5.002.0
MinimumVisualStudioVersion = 10.0.40219.1
Project("{2150E333-8FDC-42A3-9474-1A3956D46DE8}") = "server", "server", "{F7CE02F9-69F0-4D15-93B5-EDB235401B37}"
EndProject
Project("{9A19103F-16F7-4668-BE54-9A1E7A4F7556}") = "Thuai.Server", "server\src\Thuai.Server.csproj", "{BC7AF1B7-7DFE-4EF1-8356-A83D18397F20}"
EndProject
Project("{9A19103F-16F7-4668-BE54-9A1E7A4F7556}") = "Thuai.Server.Test", "server\test\Thuai.Server.Test.csproj", "{8064B249-83E4-4ACF-903A-8B4A737F1D5D}"
EndProject
Global
	GlobalSection(SolutionConfigurationPlatforms) = preSolution
		Debug|Any CPU = Debug|Any CPU
		Release|Any CPU = Release|Any CPU
	EndGlobalSection
	GlobalSection(ProjectConfigurationPlatforms) = postSolution
		{BC7AF1B7-7DFE-4EF1-8356-A83D18397F20}.Debug|Any CPU.ActiveCfg = Debug|Any CPU
		{BC7AF1B7-7DFE-4EF1-8356-A83D18397F20}.Debug|Any CPU.Build.0 = Debug|Any CPU
		{BC7AF1B7-7DFE-4EF1-8356-A83D18397F20}.Release|Any CPU.ActiveCfg = Release|Any CPU
		{BC7AF1B7-7DFE-4EF1-8356-A83D18397F20}.Release|Any CPU.Build.0 = Release|Any CPU
		{8064B249-83E4-4ACF-903A-8B4A737F1D5D}.Debug|Any CPU.ActiveCfg = Debug|Any CPU
		{8064B249-83E4-4ACF-903A-8B4A737F1D5D}.Debug|Any CPU.Build.0 = Debug|Any CPU
		{8064B249-83E4-4ACF-903A-8B4A737F1D5D}.Release|Any CPU.ActiveCfg = Release|Any CPU
		{8064B249-83E4-4ACF-903A-8B4A737F1D5D}.Release|Any CPU.Build.0 = Release|Any CPU
	EndGlobalSection
	GlobalSection(SolutionProperties) = preSolution
		HideSolutionNode = FALSE
	EndGlobalSection
	GlobalSection(NestedProjects) = preSolution
		{BC7AF1B7-7DFE-4EF1-8356-A83D18397F20} = {F7CE02F9-69F0-4D15-93B5-EDB235401B37}
		{8064B249-83E4-4ACF-903A-8B4A737F1D5D} = {F7CE02F9-69F0-4D15-93B5-EDB235401B37}
	EndGlobalSection
	GlobalSection(ExtensibilityGlobals) = postSolution
		SolutionGuid = {6EF0960D-C919-4DB7-85E6-C09EDB851539}
	EndGlobalSection
EndGlobal
