
Microsoft Visual Studio Solution File, Format Version 12.00
# Visual Studio Version 17
VisualStudioVersion = 17.5.002.0
MinimumVisualStudioVersion = 10.0.40219.1
Project("{2150E333-8FDC-42A3-9474-1A3956D46DE8}") = "server", "server", "{194EF0B7-88D8-437B-A08E-51FA1BCACD75}"
EndProject
Project("{9A19103F-16F7-4668-BE54-9A1E7A4F7556}") = "Thuai.Server", "server\src\Thuai.Server.csproj", "{E694A0D4-18FE-4838-8B23-FDAAC05DF8C3}"
EndProject
Project("{9A19103F-16F7-4668-BE54-9A1E7A4F7556}") = "Thuai.Server.Test", "server\test\Thuai.Server.Test.csproj", "{4A8EEC41-58A8-44A9-920A-650CC4493F49}"
EndProject
Global
	GlobalSection(SolutionConfigurationPlatforms) = preSolution
		Debug|Any CPU = Debug|Any CPU
		Release|Any CPU = Release|Any CPU
	EndGlobalSection
	GlobalSection(ProjectConfigurationPlatforms) = postSolution
		{E694A0D4-18FE-4838-8B23-FDAAC05DF8C3}.Debug|Any CPU.ActiveCfg = Debug|Any CPU
		{E694A0D4-18FE-4838-8B23-FDAAC05DF8C3}.Debug|Any CPU.Build.0 = Debug|Any CPU
		{E694A0D4-18FE-4838-8B23-FDAAC05DF8C3}.Release|Any CPU.ActiveCfg = Release|Any CPU
		{E694A0D4-18FE-4838-8B23-FDAAC05DF8C3}.Release|Any CPU.Build.0 = Release|Any CPU
		{4A8EEC41-58A8-44A9-920A-650CC4493F49}.Debug|Any CPU.ActiveCfg = Debug|Any CPU
		{4A8EEC41-58A8-44A9-920A-650CC4493F49}.Debug|Any CPU.Build.0 = Debug|Any CPU
		{4A8EEC41-58A8-44A9-920A-650CC4493F49}.Release|Any CPU.ActiveCfg = Release|Any CPU
		{4A8EEC41-58A8-44A9-920A-650CC4493F49}.Release|Any CPU.Build.0 = Release|Any CPU
	EndGlobalSection
	GlobalSection(SolutionProperties) = preSolution
		HideSolutionNode = FALSE
	EndGlobalSection
	GlobalSection(NestedProjects) = preSolution
		{E694A0D4-18FE-4838-8B23-FDAAC05DF8C3} = {194EF0B7-88D8-437B-A08E-51FA1BCACD75}
		{4A8EEC41-58A8-44A9-920A-650CC4493F49} = {194EF0B7-88D8-437B-A08E-51FA1BCACD75}
	EndGlobalSection
	GlobalSection(ExtensibilityGlobals) = postSolution
		SolutionGuid = {62BBE1CA-0464-4741-9933-64D9AA64A7A8}
	EndGlobalSection
EndGlobal
